
Microsoft Visual Studio Solution File, Format Version 12.00
# Visual Studio 15
VisualStudioVersion = 15.0.28307.1145
MinimumVisualStudioVersion = 10.0.40219.1
Project("{FAE04EC0-301F-11D3-BF4B-00C04F79EFBC}") = "PrivateBugetProject", "PrivateBugetProject\PrivateBugetProject.csproj", "{589A6BC3-4B19-4C01-B868-8D9060C96658}"
EndProject
Global
	GlobalSection(SolutionConfigurationPlatforms) = preSolution
		Debug|Any CPU = Debug|Any CPU
		Release|Any CPU = Release|Any CPU
	EndGlobalSection
	GlobalSection(ProjectConfigurationPlatforms) = postSolution
		{589A6BC3-4B19-4C01-B868-8D9060C96658}.Debug|Any CPU.ActiveCfg = Debug|Any CPU
		{589A6BC3-4B19-4C01-B868-8D9060C96658}.Debug|Any CPU.Build.0 = Debug|Any CPU
		{589A6BC3-4B19-4C01-B868-8D9060C96658}.Release|Any CPU.ActiveCfg = Release|Any CPU
		{589A6BC3-4B19-4C01-B868-8D9060C96658}.Release|Any CPU.Build.0 = Release|Any CPU
	EndGlobalSection
	GlobalSection(SolutionProperties) = preSolution
		HideSolutionNode = FALSE
	EndGlobalSection
	GlobalSection(ExtensibilityGlobals) = postSolution
		SolutionGuid = {A9C5738B-4A83-4B43-B5C8-BFEFADE07FF2}
	EndGlobalSection
EndGlobal
